// !$*UTF8*$!
{
	archiveVersion = 1;
	classes = {
	};
	objectVersion = 51;
	objects = {

/* Begin PBXBuildFile section */
		4714587060FD6E5BD28653E5 /* Pods_AcaiaSample.framework in Frameworks */ = {isa = PBXBuildFile; fileRef = 34338C87DE6AC839D17073C9 /* Pods_AcaiaSample.framework */; };
		6EB5C93821877ED9000AE847 /* AppDelegate.m in Sources */ = {isa = PBXBuildFile; fileRef = 6EB5C93721877ED9000AE847 /* AppDelegate.m */; };
		6EB5C93B21877ED9000AE847 /* ViewController.m in Sources */ = {isa = PBXBuildFile; fileRef = 6EB5C93A21877ED9000AE847 /* ViewController.m */; };
		6EB5C93E21877ED9000AE847 /* Main.storyboard in Resources */ = {isa = PBXBuildFile; fileRef = 6EB5C93C21877ED9000AE847 /* Main.storyboard */; };
		6EB5C94021877EDB000AE847 /* Assets.xcassets in Resources */ = {isa = PBXBuildFile; fileRef = 6EB5C93F21877EDB000AE847 /* Assets.xcassets */; };
		6EB5C94321877EDB000AE847 /* LaunchScreen.storyboard in Resources */ = {isa = PBXBuildFile; fileRef = 6EB5C94121877EDB000AE847 /* LaunchScreen.storyboard */; };
		6EB5C94621877EDB000AE847 /* main.m in Sources */ = {isa = PBXBuildFile; fileRef = 6EB5C94521877EDB000AE847 /* main.m */; };
		6EB5C9A2218782AD000AE847 /* AcaiaScaleTableVC.m in Sources */ = {isa = PBXBuildFile; fileRef = 6EB5C9A1218782AD000AE847 /* AcaiaScaleTableVC.m */; };
/* End PBXBuildFile section */

/* Begin PBXCopyFilesBuildPhase section */
		6EB5C94F21877EFB000AE847 /* Embed Frameworks */ = {
			isa = PBXCopyFilesBuildPhase;
			buildActionMask = 2147483647;
			dstPath = "";
			dstSubfolderSpec = 10;
			files = (
			);
			name = "Embed Frameworks";
			runOnlyForDeploymentPostprocessing = 0;
		};
/* End PBXCopyFilesBuildPhase section */

/* Begin PBXFileReference section */
		34338C87DE6AC839D17073C9 /* Pods_AcaiaSample.framework */ = {isa = PBXFileReference; explicitFileType = wrapper.framework; includeInIndex = 0; path = Pods_AcaiaSample.framework; sourceTree = BUILT_PRODUCTS_DIR; };
		5BAD37153C56BB31F1D3053A /* Pods-AcaiaSample.debug.xcconfig */ = {isa = PBXFileReference; includeInIndex = 1; lastKnownFileType = text.xcconfig; name = "Pods-AcaiaSample.debug.xcconfig"; path = "Pods/Target Support Files/Pods-AcaiaSample/Pods-AcaiaSample.debug.xcconfig"; sourceTree = "<group>"; };
		6EB5C93321877ED9000AE847 /* AcaiaSample.app */ = {isa = PBXFileReference; explicitFileType = wrapper.application; includeInIndex = 0; path = AcaiaSample.app; sourceTree = BUILT_PRODUCTS_DIR; };
		6EB5C93621877ED9000AE847 /* AppDelegate.h */ = {isa = PBXFileReference; lastKnownFileType = sourcecode.c.h; path = AppDelegate.h; sourceTree = "<group>"; };
		6EB5C93721877ED9000AE847 /* AppDelegate.m */ = {isa = PBXFileReference; lastKnownFileType = sourcecode.c.objc; path = AppDelegate.m; sourceTree = "<group>"; };
		6EB5C93921877ED9000AE847 /* ViewController.h */ = {isa = PBXFileReference; lastKnownFileType = sourcecode.c.h; path = ViewController.h; sourceTree = "<group>"; };
		6EB5C93A21877ED9000AE847 /* ViewController.m */ = {isa = PBXFileReference; lastKnownFileType = sourcecode.c.objc; path = ViewController.m; sourceTree = "<group>"; };
		6EB5C93D21877ED9000AE847 /* Base */ = {isa = PBXFileReference; lastKnownFileType = file.storyboard; name = Base; path = Base.lproj/Main.storyboard; sourceTree = "<group>"; };
		6EB5C93F21877EDB000AE847 /* Assets.xcassets */ = {isa = PBXFileReference; lastKnownFileType = folder.assetcatalog; path = Assets.xcassets; sourceTree = "<group>"; };
		6EB5C94221877EDB000AE847 /* Base */ = {isa = PBXFileReference; lastKnownFileType = file.storyboard; name = Base; path = Base.lproj/LaunchScreen.storyboard; sourceTree = "<group>"; };
		6EB5C94421877EDB000AE847 /* Info.plist */ = {isa = PBXFileReference; lastKnownFileType = text.plist.xml; path = Info.plist; sourceTree = "<group>"; };
		6EB5C94521877EDB000AE847 /* main.m */ = {isa = PBXFileReference; lastKnownFileType = sourcecode.c.objc; path = main.m; sourceTree = "<group>"; };
		6EB5C9A0218782AD000AE847 /* AcaiaScaleTableVC.h */ = {isa = PBXFileReference; fileEncoding = 4; lastKnownFileType = sourcecode.c.h; path = AcaiaScaleTableVC.h; sourceTree = "<group>"; };
		6EB5C9A1218782AD000AE847 /* AcaiaScaleTableVC.m */ = {isa = PBXFileReference; fileEncoding = 4; lastKnownFileType = sourcecode.c.objc; path = AcaiaScaleTableVC.m; sourceTree = "<group>"; };
		C35853E60B4EF30C9F8A4A3D /* Pods-AcaiaSample.release.xcconfig */ = {isa = PBXFileReference; includeInIndex = 1; lastKnownFileType = text.xcconfig; name = "Pods-AcaiaSample.release.xcconfig"; path = "Pods/Target Support Files/Pods-AcaiaSample/Pods-AcaiaSample.release.xcconfig"; sourceTree = "<group>"; };
/* End PBXFileReference section */

/* Begin PBXFrameworksBuildPhase section */
		6EB5C93021877ED9000AE847 /* Frameworks */ = {
			isa = PBXFrameworksBuildPhase;
			buildActionMask = 2147483647;
			files = (
				4714587060FD6E5BD28653E5 /* Pods_AcaiaSample.framework in Frameworks */,
			);
			runOnlyForDeploymentPostprocessing = 0;
		};
/* End PBXFrameworksBuildPhase section */

/* Begin PBXGroup section */
		6EB5C92A21877ED9000AE847 = {
			isa = PBXGroup;
			children = (
				6EB5C93521877ED9000AE847 /* AcaiaSample */,
				6EB5C93421877ED9000AE847 /* Products */,
				8B1C11E4A0110BEC22A90924 /* Pods */,
				B5FDCB7312ACC6606911A1AD /* Frameworks */,
			);
			sourceTree = "<group>";
		};
		6EB5C93421877ED9000AE847 /* Products */ = {
			isa = PBXGroup;
			children = (
				6EB5C93321877ED9000AE847 /* AcaiaSample.app */,
			);
			name = Products;
			sourceTree = "<group>";
		};
		6EB5C93521877ED9000AE847 /* AcaiaSample */ = {
			isa = PBXGroup;
			children = (
				6EB5C9A0218782AD000AE847 /* AcaiaScaleTableVC.h */,
				6EB5C9A1218782AD000AE847 /* AcaiaScaleTableVC.m */,
				6EB5C93621877ED9000AE847 /* AppDelegate.h */,
				6EB5C93721877ED9000AE847 /* AppDelegate.m */,
				6EB5C93921877ED9000AE847 /* ViewController.h */,
				6EB5C93A21877ED9000AE847 /* ViewController.m */,
				6EB5C93C21877ED9000AE847 /* Main.storyboard */,
				6EB5C93F21877EDB000AE847 /* Assets.xcassets */,
				6EB5C94121877EDB000AE847 /* LaunchScreen.storyboard */,
				6EB5C94421877EDB000AE847 /* Info.plist */,
				6EB5C94521877EDB000AE847 /* main.m */,
			);
			path = AcaiaSample;
			sourceTree = "<group>";
		};
		8B1C11E4A0110BEC22A90924 /* Pods */ = {
			isa = PBXGroup;
			children = (
				5BAD37153C56BB31F1D3053A /* Pods-AcaiaSample.debug.xcconfig */,
				C35853E60B4EF30C9F8A4A3D /* Pods-AcaiaSample.release.xcconfig */,
			);
			name = Pods;
			sourceTree = "<group>";
		};
		B5FDCB7312ACC6606911A1AD /* Frameworks */ = {
			isa = PBXGroup;
			children = (
				34338C87DE6AC839D17073C9 /* Pods_AcaiaSample.framework */,
			);
			name = Frameworks;
			sourceTree = "<group>";
		};
/* End PBXGroup section */

/* Begin PBXNativeTarget section */
		6EB5C93221877ED9000AE847 /* AcaiaSample */ = {
			isa = PBXNativeTarget;
			buildConfigurationList = 6EB5C94921877EDB000AE847 /* Build configuration list for PBXNativeTarget "AcaiaSample" */;
			buildPhases = (
				4864515C8880611B8A7129BE /* [CP] Check Pods Manifest.lock */,
				6EB5C92F21877ED9000AE847 /* Sources */,
				6EB5C93021877ED9000AE847 /* Frameworks */,
				6EB5C93121877ED9000AE847 /* Resources */,
				6EB5C94F21877EFB000AE847 /* Embed Frameworks */,
				2D4E4C83A51C436B028F52DD /* [CP] Embed Pods Frameworks */,
			);
			buildRules = (
			);
			dependencies = (
			);
			name = AcaiaSample;
			productName = AcaiaScaleSample;
			productReference = 6EB5C93321877ED9000AE847 /* AcaiaSample.app */;
			productType = "com.apple.product-type.application";
		};
/* End PBXNativeTarget section */

/* Begin PBXProject section */
		6EB5C92B21877ED9000AE847 /* Project object */ = {
			isa = PBXProject;
			attributes = {
				LastUpgradeCheck = 1000;
				ORGANIZATIONNAME = "Acaia Corp";
				TargetAttributes = {
					6EB5C93221877ED9000AE847 = {
						CreatedOnToolsVersion = 10.0;
					};
				};
			};
			buildConfigurationList = 6EB5C92E21877ED9000AE847 /* Build configuration list for PBXProject "AcaiaSample" */;
			compatibilityVersion = "Xcode 9.3";
			developmentRegion = en;
			hasScannedForEncodings = 0;
			knownRegions = (
				en,
				Base,
			);
			mainGroup = 6EB5C92A21877ED9000AE847;
			productRefGroup = 6EB5C93421877ED9000AE847 /* Products */;
			projectDirPath = "";
			projectRoot = "";
			targets = (
				6EB5C93221877ED9000AE847 /* AcaiaSample */,
			);
		};
/* End PBXProject section */

/* Begin PBXResourcesBuildPhase section */
		6EB5C93121877ED9000AE847 /* Resources */ = {
			isa = PBXResourcesBuildPhase;
			buildActionMask = 2147483647;
			files = (
				6EB5C94321877EDB000AE847 /* LaunchScreen.storyboard in Resources */,
				6EB5C94021877EDB000AE847 /* Assets.xcassets in Resources */,
				6EB5C93E21877ED9000AE847 /* Main.storyboard in Resources */,
			);
			runOnlyForDeploymentPostprocessing = 0;
		};
/* End PBXResourcesBuildPhase section */

/* Begin PBXShellScriptBuildPhase section */
		2D4E4C83A51C436B028F52DD /* [CP] Embed Pods Frameworks */ = {
			isa = PBXShellScriptBuildPhase;
			buildActionMask = 2147483647;
			files = (
			);
			inputFileListPaths = (
				"${PODS_ROOT}/Target Support Files/Pods-AcaiaSample/Pods-AcaiaSample-frameworks-${CONFIGURATION}-input-files.xcfilelist",
			);
			name = "[CP] Embed Pods Frameworks";
			outputFileListPaths = (
				"${PODS_ROOT}/Target Support Files/Pods-AcaiaSample/Pods-AcaiaSample-frameworks-${CONFIGURATION}-output-files.xcfilelist",
			);
			runOnlyForDeploymentPostprocessing = 0;
			shellPath = /bin/sh;
			shellScript = "\"${PODS_ROOT}/Target Support Files/Pods-AcaiaSample/Pods-AcaiaSample-frameworks.sh\"\n";
			showEnvVarsInLog = 0;
		};
		4864515C8880611B8A7129BE /* [CP] Check Pods Manifest.lock */ = {
			isa = PBXShellScriptBuildPhase;
			buildActionMask = 2147483647;
			files = (
			);
			inputFileListPaths = (
			);
			inputPaths = (
				"${PODS_PODFILE_DIR_PATH}/Podfile.lock",
				"${PODS_ROOT}/Manifest.lock",
			);
			name = "[CP] Check Pods Manifest.lock";
			outputFileListPaths = (
			);
			outputPaths = (
				"$(DERIVED_FILE_DIR)/Pods-AcaiaSample-checkManifestLockResult.txt",
			);
			runOnlyForDeploymentPostprocessing = 0;
			shellPath = /bin/sh;
			shellScript = "diff \"${PODS_PODFILE_DIR_PATH}/Podfile.lock\" \"${PODS_ROOT}/Manifest.lock\" > /dev/null\nif [ $? != 0 ] ; then\n    # print error to STDERR\n    echo \"error: The sandbox is not in sync with the Podfile.lock. Run 'pod install' or update your CocoaPods installation.\" >&2\n    exit 1\nfi\n# This output is used by Xcode 'outputs' to avoid re-running this script phase.\necho \"SUCCESS\" > \"${SCRIPT_OUTPUT_FILE_0}\"\n";
			showEnvVarsInLog = 0;
		};
/* End PBXShellScriptBuildPhase section */

/* Begin PBXSourcesBuildPhase section */
		6EB5C92F21877ED9000AE847 /* Sources */ = {
			isa = PBXSourcesBuildPhase;
			buildActionMask = 2147483647;
			files = (
				6EB5C93B21877ED9000AE847 /* ViewController.m in Sources */,
				6EB5C94621877EDB000AE847 /* main.m in Sources */,
				6EB5C9A2218782AD000AE847 /* AcaiaScaleTableVC.m in Sources */,
				6EB5C93821877ED9000AE847 /* AppDelegate.m in Sources */,
			);
			runOnlyForDeploymentPostprocessing = 0;
		};
/* End PBXSourcesBuildPhase section */

/* Begin PBXVariantGroup section */
		6EB5C93C21877ED9000AE847 /* Main.storyboard */ = {
			isa = PBXVariantGroup;
			children = (
				6EB5C93D21877ED9000AE847 /* Base */,
			);
			name = Main.storyboard;
			sourceTree = "<group>";
		};
		6EB5C94121877EDB000AE847 /* LaunchScreen.storyboard */ = {
			isa = PBXVariantGroup;
			children = (
				6EB5C94221877EDB000AE847 /* Base */,
			);
			name = LaunchScreen.storyboard;
			sourceTree = "<group>";
		};
/* End PBXVariantGroup section */

/* Begin XCBuildConfiguration section */
		6EB5C94721877EDB000AE847 /* Debug */ = {
			isa = XCBuildConfiguration;
			buildSettings = {
				ALWAYS_SEARCH_USER_PATHS = NO;
				CLANG_ANALYZER_NONNULL = YES;
				CLANG_ANALYZER_NUMBER_OBJECT_CONVERSION = YES_AGGRESSIVE;
				CLANG_CXX_LANGUAGE_STANDARD = "gnu++14";
				CLANG_CXX_LIBRARY = "libc++";
				CLANG_ENABLE_MODULES = YES;
				CLANG_ENABLE_OBJC_ARC = YES;
				CLANG_ENABLE_OBJC_WEAK = YES;
				CLANG_WARN_BLOCK_CAPTURE_AUTORELEASING = YES;
				CLANG_WARN_BOOL_CONVERSION = YES;
				CLANG_WARN_COMMA = YES;
				CLANG_WARN_CONSTANT_CONVERSION = YES;
				CLANG_WARN_DEPRECATED_OBJC_IMPLEMENTATIONS = YES;
				CLANG_WARN_DIRECT_OBJC_ISA_USAGE = YES_ERROR;
				CLANG_WARN_DOCUMENTATION_COMMENTS = YES;
				CLANG_WARN_EMPTY_BODY = YES;
				CLANG_WARN_ENUM_CONVERSION = YES;
				CLANG_WARN_INFINITE_RECURSION = YES;
				CLANG_WARN_INT_CONVERSION = YES;
				CLANG_WARN_NON_LITERAL_NULL_CONVERSION = YES;
				CLANG_WARN_OBJC_IMPLICIT_RETAIN_SELF = YES;
				CLANG_WARN_OBJC_LITERAL_CONVERSION = YES;
				CLANG_WARN_OBJC_ROOT_CLASS = YES_ERROR;
				CLANG_WARN_RANGE_LOOP_ANALYSIS = YES;
				CLANG_WARN_STRICT_PROTOTYPES = YES;
				CLANG_WARN_SUSPICIOUS_MOVE = YES;
				CLANG_WARN_UNGUARDED_AVAILABILITY = YES_AGGRESSIVE;
				CLANG_WARN_UNREACHABLE_CODE = YES;
				CLANG_WARN__DUPLICATE_METHOD_MATCH = YES;
				CODE_SIGN_IDENTITY = "iPhone Developer";
				COPY_PHASE_STRIP = NO;
				DEBUG_INFORMATION_FORMAT = dwarf;
				ENABLE_STRICT_OBJC_MSGSEND = YES;
				ENABLE_TESTABILITY = YES;
				GCC_C_LANGUAGE_STANDARD = gnu11;
				GCC_DYNAMIC_NO_PIC = NO;
				GCC_NO_COMMON_BLOCKS = YES;
				GCC_OPTIMIZATION_LEVEL = 0;
				GCC_PREPROCESSOR_DEFINITIONS = (
					"DEBUG=1",
					"$(inherited)",
				);
				GCC_WARN_64_TO_32_BIT_CONVERSION = YES;
				GCC_WARN_ABOUT_RETURN_TYPE = YES_ERROR;
				GCC_WARN_UNDECLARED_SELECTOR = YES;
				GCC_WARN_UNINITIALIZED_AUTOS = YES_AGGRESSIVE;
				GCC_WARN_UNUSED_FUNCTION = YES;
				GCC_WARN_UNUSED_VARIABLE = YES;
				IPHONEOS_DEPLOYMENT_TARGET = 10.0;
				MTL_ENABLE_DEBUG_INFO = INCLUDE_SOURCE;
				MTL_FAST_MATH = YES;
				ONLY_ACTIVE_ARCH = YES;
				SDKROOT = iphoneos;
			};
			name = Debug;
		};
		6EB5C94821877EDB000AE847 /* Release */ = {
			isa = XCBuildConfiguration;
			buildSettings = {
				ALWAYS_SEARCH_USER_PATHS = NO;
				CLANG_ANALYZER_NONNULL = YES;
				CLANG_ANALYZER_NUMBER_OBJECT_CONVERSION = YES_AGGRESSIVE;
				CLANG_CXX_LANGUAGE_STANDARD = "gnu++14";
				CLANG_CXX_LIBRARY = "libc++";
				CLANG_ENABLE_MODULES = YES;
				CLANG_ENABLE_OBJC_ARC = YES;
				CLANG_ENABLE_OBJC_WEAK = YES;
				CLANG_WARN_BLOCK_CAPTURE_AUTORELEASING = YES;
				CLANG_WARN_BOOL_CONVERSION = YES;
				CLANG_WARN_COMMA = YES;
				CLANG_WARN_CONSTANT_CONVERSION = YES;
				CLANG_WARN_DEPRECATED_OBJC_IMPLEMENTATIONS = YES;
				CLANG_WARN_DIRECT_OBJC_ISA_USAGE = YES_ERROR;
				CLANG_WARN_DOCUMENTATION_COMMENTS = YES;
				CLANG_WARN_EMPTY_BODY = YES;
				CLANG_WARN_ENUM_CONVERSION = YES;
				CLANG_WARN_INFINITE_RECURSION = YES;
				CLANG_WARN_INT_CONVERSION = YES;
				CLANG_WARN_NON_LITERAL_NULL_CONVERSION = YES;
				CLANG_WARN_OBJC_IMPLICIT_RETAIN_SELF = YES;
				CLANG_WARN_OBJC_LITERAL_CONVERSION = YES;
				CLANG_WARN_OBJC_ROOT_CLASS = YES_ERROR;
				CLANG_WARN_RANGE_LOOP_ANALYSIS = YES;
				CLANG_WARN_STRICT_PROTOTYPES = YES;
				CLANG_WARN_SUSPICIOUS_MOVE = YES;
				CLANG_WARN_UNGUARDED_AVAILABILITY = YES_AGGRESSIVE;
				CLANG_WARN_UNREACHABLE_CODE = YES;
				CLANG_WARN__DUPLICATE_METHOD_MATCH = YES;
				CODE_SIGN_IDENTITY = "iPhone Developer";
				COPY_PHASE_STRIP = NO;
				DEBUG_INFORMATION_FORMAT = "dwarf-with-dsym";
				ENABLE_NS_ASSERTIONS = NO;
				ENABLE_STRICT_OBJC_MSGSEND = YES;
				GCC_C_LANGUAGE_STANDARD = gnu11;
				GCC_NO_COMMON_BLOCKS = YES;
				GCC_WARN_64_TO_32_BIT_CONVERSION = YES;
				GCC_WARN_ABOUT_RETURN_TYPE = YES_ERROR;
				GCC_WARN_UNDECLARED_SELECTOR = YES;
				GCC_WARN_UNINITIALIZED_AUTOS = YES_AGGRESSIVE;
				GCC_WARN_UNUSED_FUNCTION = YES;
				GCC_WARN_UNUSED_VARIABLE = YES;
				IPHONEOS_DEPLOYMENT_TARGET = 10.0;
				MTL_ENABLE_DEBUG_INFO = NO;
				MTL_FAST_MATH = YES;
				SDKROOT = iphoneos;
				VALIDATE_PRODUCT = YES;
			};
			name = Release;
		};
		6EB5C94A21877EDB000AE847 /* Debug */ = {
			isa = XCBuildConfiguration;
			baseConfigurationReference = 5BAD37153C56BB31F1D3053A /* Pods-AcaiaSample.debug.xcconfig */;
			buildSettings = {
				ASSETCATALOG_COMPILER_APPICON_NAME = AppIcon;
				CODE_SIGN_STYLE = Automatic;
				DEVELOPMENT_TEAM = QZF5XM7L73;
				INFOPLIST_FILE = "$(SRCROOT)/AcaiaSample/Info.plist";
				IPHONEOS_DEPLOYMENT_TARGET = 10.0;
				LD_RUNPATH_SEARCH_PATHS = (
					"$(inherited)",
					"@executable_path/Frameworks",
				);
				PRODUCT_BUNDLE_IDENTIFIER = co.acaia.AcaiaSample;
				PRODUCT_NAME = "$(TARGET_NAME)";
				TARGETED_DEVICE_FAMILY = "1,2";
			};
			name = Debug;
		};
		6EB5C94B21877EDB000AE847 /* Release */ = {
			isa = XCBuildConfiguration;
			baseConfigurationReference = C35853E60B4EF30C9F8A4A3D /* Pods-AcaiaSample.release.xcconfig */;
			buildSettings = {
				ASSETCATALOG_COMPILER_APPICON_NAME = AppIcon;
				CODE_SIGN_STYLE = Automatic;
				DEVELOPMENT_TEAM = QZF5XM7L73;
				INFOPLIST_FILE = "$(SRCROOT)/AcaiaSample/Info.plist";
				IPHONEOS_DEPLOYMENT_TARGET = 10.0;
				LD_RUNPATH_SEARCH_PATHS = (
					"$(inherited)",
					"@executable_path/Frameworks",
				);
				PRODUCT_BUNDLE_IDENTIFIER = co.acaia.AcaiaSample;
				PRODUCT_NAME = "$(TARGET_NAME)";
				TARGETED_DEVICE_FAMILY = "1,2";
			};
			name = Release;
		};
/* End XCBuildConfiguration section */

/* Begin XCConfigurationList section */
		6EB5C92E21877ED9000AE847 /* Build configuration list for PBXProject "AcaiaSample" */ = {
			isa = XCConfigurationList;
			buildConfigurations = (
				6EB5C94721877EDB000AE847 /* Debug */,
				6EB5C94821877EDB000AE847 /* Release */,
			);
			defaultConfigurationIsVisible = 0;
			defaultConfigurationName = Release;
		};
		6EB5C94921877EDB000AE847 /* Build configuration list for PBXNativeTarget "AcaiaSample" */ = {
			isa = XCConfigurationList;
			buildConfigurations = (
				6EB5C94A21877EDB000AE847 /* Debug */,
				6EB5C94B21877EDB000AE847 /* Release */,
			);
			defaultConfigurationIsVisible = 0;
			defaultConfigurationName = Release;
		};
/* End XCConfigurationList section */
	};
	rootObject = 6EB5C92B21877ED9000AE847 /* Project object */;
}
