// !$*UTF8*$!
{
	archiveVersion = 1;
	classes = {
	};
	objectVersion = 51;
	objects = {

/* Begin PBXBuildFile section */
		41ACEBBA0C3064980F8B940C /* Pods_Example_swift.framework in Frameworks */ = {isa = PBXBuildFile; fileRef = 953D0898A8673BA2C008BF7C /* Pods_Example_swift.framework */; };
		8E6E18712339D041005633C5 /* AppDelegate.swift in Sources */ = {isa = PBXBuildFile; fileRef = 8E6E18672339D041005633C5 /* AppDelegate.swift */; };
		8E6E18722339D041005633C5 /* LaunchScreen.storyboard in Resources */ = {isa = PBXBuildFile; fileRef = 8E6E18692339D041005633C5 /* LaunchScreen.storyboard */; };
		8E6E18732339D041005633C5 /* Main.storyboard in Resources */ = {isa = PBXBuildFile; fileRef = 8E6E186B2339D041005633C5 /* Main.storyboard */; };
		8E6E18742339D041005633C5 /* Assets.xcassets in Resources */ = {isa = PBXBuildFile; fileRef = 8E6E186D2339D041005633C5 /* Assets.xcassets */; };
		8E6E18762339D041005633C5 /* AcaiaViewController.swift in Sources */ = {isa = PBXBuildFile; fileRef = 8E6E186F2339D041005633C5 /* AcaiaViewController.swift */; };
		8E6E18772339D041005633C5 /* AcaiaScaleTableVC.swift in Sources */ = {isa = PBXBuildFile; fileRef = 8E6E18702339D041005633C5 /* AcaiaScaleTableVC.swift */; };
		8E92FF9B2339CA3900BC995C /* Assets.xcassets in Resources */ = {isa = PBXBuildFile; fileRef = 8E92FF8F2339CA3900BC995C /* Assets.xcassets */; };
		8E92FF9C2339CA3900BC995C /* LaunchScreen.storyboard in Resources */ = {isa = PBXBuildFile; fileRef = 8E92FF912339CA3900BC995C /* LaunchScreen.storyboard */; };
		8E92FF9D2339CA3900BC995C /* Main.storyboard in Resources */ = {isa = PBXBuildFile; fileRef = 8E92FF932339CA3900BC995C /* Main.storyboard */; };
		8E92FF9E2339CA3900BC995C /* main.m in Sources */ = {isa = PBXBuildFile; fileRef = 8E92FF962339CA3900BC995C /* main.m */; };
		8E92FF9F2339CA3900BC995C /* AcaiaScaleTableVC.m in Sources */ = {isa = PBXBuildFile; fileRef = 8E92FF972339CA3900BC995C /* AcaiaScaleTableVC.m */; };
		8E92FFA02339CA3900BC995C /* AppDelegate.m in Sources */ = {isa = PBXBuildFile; fileRef = 8E92FF982339CA3900BC995C /* AppDelegate.m */; };
		8E92FFA12339CA3900BC995C /* ViewController.m in Sources */ = {isa = PBXBuildFile; fileRef = 8E92FF992339CA3900BC995C /* ViewController.m */; };
		C6F188C03CC6D1BD22240461 /* Pods_Example_objc.framework in Frameworks */ = {isa = PBXBuildFile; fileRef = A7C2B4EBAC1045AD7141CCD9 /* Pods_Example_objc.framework */; };
/* End PBXBuildFile section */

/* Begin PBXCopyFilesBuildPhase section */
		8EB045C3233A07D800EE3946 /* Embed Frameworks */ = {
			isa = PBXCopyFilesBuildPhase;
			buildActionMask = 2147483647;
			dstPath = "";
			dstSubfolderSpec = 10;
			files = (
			);
			name = "Embed Frameworks";
			runOnlyForDeploymentPostprocessing = 0;
		};
/* End PBXCopyFilesBuildPhase section */

/* Begin PBXFileReference section */
		10570914BD38020D2B98E206 /* Pods-Example-objc.release.xcconfig */ = {isa = PBXFileReference; includeInIndex = 1; lastKnownFileType = text.xcconfig; name = "Pods-Example-objc.release.xcconfig"; path = "Target Support Files/Pods-Example-objc/Pods-Example-objc.release.xcconfig"; sourceTree = "<group>"; };
		72F49552FC26F32140D98372 /* Pods-Example-swift.debug.xcconfig */ = {isa = PBXFileReference; includeInIndex = 1; lastKnownFileType = text.xcconfig; name = "Pods-Example-swift.debug.xcconfig"; path = "Target Support Files/Pods-Example-swift/Pods-Example-swift.debug.xcconfig"; sourceTree = "<group>"; };
		8E6E18672339D041005633C5 /* AppDelegate.swift */ = {isa = PBXFileReference; fileEncoding = 4; lastKnownFileType = sourcecode.swift; path = AppDelegate.swift; sourceTree = "<group>"; };
		8E6E186A2339D041005633C5 /* Base */ = {isa = PBXFileReference; lastKnownFileType = file.storyboard; name = Base; path = LaunchScreen.storyboard; sourceTree = "<group>"; };
		8E6E186C2339D041005633C5 /* Base */ = {isa = PBXFileReference; lastKnownFileType = file.storyboard; name = Base; path = Main.storyboard; sourceTree = "<group>"; };
		8E6E186D2339D041005633C5 /* Assets.xcassets */ = {isa = PBXFileReference; lastKnownFileType = folder.assetcatalog; path = Assets.xcassets; sourceTree = "<group>"; };
		8E6E186E2339D041005633C5 /* Example-swift test framework.plist */ = {isa = PBXFileReference; fileEncoding = 4; lastKnownFileType = text.plist.xml; path = "Example-swift test framework.plist"; sourceTree = "<group>"; };
		8E6E186F2339D041005633C5 /* AcaiaViewController.swift */ = {isa = PBXFileReference; fileEncoding = 4; lastKnownFileType = sourcecode.swift; path = AcaiaViewController.swift; sourceTree = "<group>"; };
		8E6E18702339D041005633C5 /* AcaiaScaleTableVC.swift */ = {isa = PBXFileReference; fileEncoding = 4; lastKnownFileType = sourcecode.swift; path = AcaiaScaleTableVC.swift; sourceTree = "<group>"; };
		8E7924D223447F8C00578CBE /* Example-swift test source.plist */ = {isa = PBXFileReference; fileEncoding = 4; lastKnownFileType = text.plist.xml; path = "Example-swift test source.plist"; sourceTree = "<group>"; };
		8E7925292344839A00578CBE /* Example-swift test source-Bridging-Header.h */ = {isa = PBXFileReference; lastKnownFileType = sourcecode.c.h; path = "Example-swift test source-Bridging-Header.h"; sourceTree = "<group>"; };
		8E92FF7A2339CA0400BC995C /* Example-swift.app */ = {isa = PBXFileReference; explicitFileType = wrapper.application; includeInIndex = 0; path = "Example-swift.app"; sourceTree = BUILT_PRODUCTS_DIR; };
		8E92FF8C2339CA3900BC995C /* AcaiaScaleTableVC.h */ = {isa = PBXFileReference; fileEncoding = 4; lastKnownFileType = sourcecode.c.h; path = AcaiaScaleTableVC.h; sourceTree = "<group>"; };
		8E92FF8D2339CA3900BC995C /* Info.plist */ = {isa = PBXFileReference; fileEncoding = 4; lastKnownFileType = text.plist.xml; path = Info.plist; sourceTree = "<group>"; };
		8E92FF8E2339CA3900BC995C /* AppDelegate.h */ = {isa = PBXFileReference; fileEncoding = 4; lastKnownFileType = sourcecode.c.h; path = AppDelegate.h; sourceTree = "<group>"; };
		8E92FF8F2339CA3900BC995C /* Assets.xcassets */ = {isa = PBXFileReference; lastKnownFileType = folder.assetcatalog; path = Assets.xcassets; sourceTree = "<group>"; };
		8E92FF922339CA3900BC995C /* Base */ = {isa = PBXFileReference; lastKnownFileType = file.storyboard; name = Base; path = LaunchScreen.storyboard; sourceTree = "<group>"; };
		8E92FF942339CA3900BC995C /* Base */ = {isa = PBXFileReference; lastKnownFileType = file.storyboard; name = Base; path = Main.storyboard; sourceTree = "<group>"; };
		8E92FF952339CA3900BC995C /* ViewController.h */ = {isa = PBXFileReference; fileEncoding = 4; lastKnownFileType = sourcecode.c.h; path = ViewController.h; sourceTree = "<group>"; };
		8E92FF962339CA3900BC995C /* main.m */ = {isa = PBXFileReference; fileEncoding = 4; lastKnownFileType = sourcecode.c.objc; path = main.m; sourceTree = "<group>"; };
		8E92FF972339CA3900BC995C /* AcaiaScaleTableVC.m */ = {isa = PBXFileReference; fileEncoding = 4; lastKnownFileType = sourcecode.c.objc; path = AcaiaScaleTableVC.m; sourceTree = "<group>"; };
		8E92FF982339CA3900BC995C /* AppDelegate.m */ = {isa = PBXFileReference; fileEncoding = 4; lastKnownFileType = sourcecode.c.objc; path = AppDelegate.m; sourceTree = "<group>"; };
		8E92FF992339CA3900BC995C /* ViewController.m */ = {isa = PBXFileReference; fileEncoding = 4; lastKnownFileType = sourcecode.c.objc; path = ViewController.m; sourceTree = "<group>"; };
		8EDCD15E2339C9190029329D /* Example-objc.app */ = {isa = PBXFileReference; explicitFileType = wrapper.application; includeInIndex = 0; path = "Example-objc.app"; sourceTree = BUILT_PRODUCTS_DIR; };
		953D0898A8673BA2C008BF7C /* Pods_Example_swift.framework */ = {isa = PBXFileReference; explicitFileType = wrapper.framework; includeInIndex = 0; path = Pods_Example_swift.framework; sourceTree = BUILT_PRODUCTS_DIR; };
		9B25B50789DAFEB3B7D6331B /* Pods-Example-objc.debug.xcconfig */ = {isa = PBXFileReference; includeInIndex = 1; lastKnownFileType = text.xcconfig; name = "Pods-Example-objc.debug.xcconfig"; path = "Target Support Files/Pods-Example-objc/Pods-Example-objc.debug.xcconfig"; sourceTree = "<group>"; };
		A7C2B4EBAC1045AD7141CCD9 /* Pods_Example_objc.framework */ = {isa = PBXFileReference; explicitFileType = wrapper.framework; includeInIndex = 0; path = Pods_Example_objc.framework; sourceTree = BUILT_PRODUCTS_DIR; };
		B82C72C51E18A3BCBF2F3D57 /* Pods-Example-swift.release.xcconfig */ = {isa = PBXFileReference; includeInIndex = 1; lastKnownFileType = text.xcconfig; name = "Pods-Example-swift.release.xcconfig"; path = "Target Support Files/Pods-Example-swift/Pods-Example-swift.release.xcconfig"; sourceTree = "<group>"; };
/* End PBXFileReference section */

/* Begin PBXFrameworksBuildPhase section */
		8E92FF772339CA0400BC995C /* Frameworks */ = {
			isa = PBXFrameworksBuildPhase;
			buildActionMask = 2147483647;
			files = (
				41ACEBBA0C3064980F8B940C /* Pods_Example_swift.framework in Frameworks */,
			);
			runOnlyForDeploymentPostprocessing = 0;
		};
		8EDCD15B2339C9190029329D /* Frameworks */ = {
			isa = PBXFrameworksBuildPhase;
			buildActionMask = 2147483647;
			files = (
				C6F188C03CC6D1BD22240461 /* Pods_Example_objc.framework in Frameworks */,
			);
			runOnlyForDeploymentPostprocessing = 0;
		};
/* End PBXFrameworksBuildPhase section */

/* Begin PBXGroup section */
		556FA41634BEB2F268F3ECBD /* Pods */ = {
			isa = PBXGroup;
			children = (
				9B25B50789DAFEB3B7D6331B /* Pods-Example-objc.debug.xcconfig */,
				10570914BD38020D2B98E206 /* Pods-Example-objc.release.xcconfig */,
				72F49552FC26F32140D98372 /* Pods-Example-swift.debug.xcconfig */,
				B82C72C51E18A3BCBF2F3D57 /* Pods-Example-swift.release.xcconfig */,
			);
			path = Pods;
			sourceTree = "<group>";
		};
		8E5FD34C2339F37900191991 /* Frameworks */ = {
			isa = PBXGroup;
			children = (
				A7C2B4EBAC1045AD7141CCD9 /* Pods_Example_objc.framework */,
				953D0898A8673BA2C008BF7C /* Pods_Example_swift.framework */,
			);
			name = Frameworks;
			sourceTree = "<group>";
		};
		8E6E18682339D041005633C5 /* Base.lproj */ = {
			isa = PBXGroup;
			children = (
				8E6E18692339D041005633C5 /* LaunchScreen.storyboard */,
				8E6E186B2339D041005633C5 /* Main.storyboard */,
			);
			path = Base.lproj;
			sourceTree = "<group>";
		};
		8E92FF552339C9EA00BC995C /* Example-objc */ = {
			isa = PBXGroup;
			children = (
				8E92FF8D2339CA3900BC995C /* Info.plist */,
				8E92FF962339CA3900BC995C /* main.m */,
				8E92FF8C2339CA3900BC995C /* AcaiaScaleTableVC.h */,
				8E92FF972339CA3900BC995C /* AcaiaScaleTableVC.m */,
				8E92FF8E2339CA3900BC995C /* AppDelegate.h */,
				8E92FF982339CA3900BC995C /* AppDelegate.m */,
				8E92FF952339CA3900BC995C /* ViewController.h */,
				8E92FF992339CA3900BC995C /* ViewController.m */,
				8E92FF8F2339CA3900BC995C /* Assets.xcassets */,
				8E92FF902339CA3900BC995C /* Base.lproj */,
			);
			path = "Example-objc";
			sourceTree = "<group>";
		};
		8E92FF7B2339CA0400BC995C /* Example-swift */ = {
			isa = PBXGroup;
			children = (
				8E6E186E2339D041005633C5 /* Example-swift test framework.plist */,
				8E7924D223447F8C00578CBE /* Example-swift test source.plist */,
				8E7925292344839A00578CBE /* Example-swift test source-Bridging-Header.h */,
				8E6E18702339D041005633C5 /* AcaiaScaleTableVC.swift */,
				8E6E186F2339D041005633C5 /* AcaiaViewController.swift */,
				8E6E18672339D041005633C5 /* AppDelegate.swift */,
				8E6E186D2339D041005633C5 /* Assets.xcassets */,
				8E6E18682339D041005633C5 /* Base.lproj */,
			);
			path = "Example-swift";
			sourceTree = "<group>";
		};
		8E92FF902339CA3900BC995C /* Base.lproj */ = {
			isa = PBXGroup;
			children = (
				8E92FF912339CA3900BC995C /* LaunchScreen.storyboard */,
				8E92FF932339CA3900BC995C /* Main.storyboard */,
			);
			path = Base.lproj;
			sourceTree = "<group>";
		};
		8EDCD1552339C9190029329D = {
			isa = PBXGroup;
			children = (
				8E92FF552339C9EA00BC995C /* Example-objc */,
				8E92FF7B2339CA0400BC995C /* Example-swift */,
				8E5FD34C2339F37900191991 /* Frameworks */,
				8EDCD15F2339C9190029329D /* Products */,
				556FA41634BEB2F268F3ECBD /* Pods */,
			);
			sourceTree = "<group>";
		};
		8EDCD15F2339C9190029329D /* Products */ = {
			isa = PBXGroup;
			children = (
				8EDCD15E2339C9190029329D /* Example-objc.app */,
				8E92FF7A2339CA0400BC995C /* Example-swift.app */,
			);
			name = Products;
			sourceTree = "<group>";
		};
/* End PBXGroup section */

/* Begin PBXNativeTarget section */
		8E92FF792339CA0400BC995C /* Example-swift */ = {
			isa = PBXNativeTarget;
			buildConfigurationList = 8E92FF892339CA0500BC995C /* Build configuration list for PBXNativeTarget "Example-swift" */;
			buildPhases = (
				12D0503B6DFB685A20A3D974 /* [CP] Check Pods Manifest.lock */,
				8E92FF762339CA0400BC995C /* Sources */,
				8E92FF772339CA0400BC995C /* Frameworks */,
				8E92FF782339CA0400BC995C /* Resources */,
				8EB045C3233A07D800EE3946 /* Embed Frameworks */,
				D71F761F2B075898A5CE964F /* [CP] Embed Pods Frameworks */,
			);
			buildRules = (
			);
			dependencies = (
			);
			name = "Example-swift";
			productName = "Example-swift";
			productReference = 8E92FF7A2339CA0400BC995C /* Example-swift.app */;
			productType = "com.apple.product-type.application";
		};
		8EDCD15D2339C9190029329D /* Example-objc */ = {
			isa = PBXNativeTarget;
			buildConfigurationList = 8EDCD1702339C91B0029329D /* Build configuration list for PBXNativeTarget "Example-objc" */;
			buildPhases = (
				3EA4E383E39B7E96E083230A /* [CP] Check Pods Manifest.lock */,
				8EDCD15A2339C9190029329D /* Sources */,
				8EDCD15B2339C9190029329D /* Frameworks */,
				8EDCD15C2339C9190029329D /* Resources */,
				E5762A1E8FB8B739BE2A9519 /* [CP] Embed Pods Frameworks */,
			);
			buildRules = (
			);
			dependencies = (
			);
			name = "Example-objc";
			productName = AcaiaSample;
			productReference = 8EDCD15E2339C9190029329D /* Example-objc.app */;
			productType = "com.apple.product-type.application";
		};
/* End PBXNativeTarget section */

/* Begin PBXProject section */
		8EDCD1562339C9190029329D /* Project object */ = {
			isa = PBXProject;
			attributes = {
				LastSwiftUpdateCheck = 1030;
				LastUpgradeCheck = 1130;
				ORGANIZATIONNAME = "Acaia Corp";
				TargetAttributes = {
					8E92FF792339CA0400BC995C = {
						CreatedOnToolsVersion = 10.3;
						LastSwiftMigration = 1030;
					};
					8EDCD15D2339C9190029329D = {
						CreatedOnToolsVersion = 10.3;
					};
				};
			};
			buildConfigurationList = 8EDCD1592339C9190029329D /* Build configuration list for PBXProject "AcaiaExamples" */;
			compatibilityVersion = "Xcode 9.3";
			developmentRegion = en;
			hasScannedForEncodings = 0;
			knownRegions = (
				en,
				Base,
			);
			mainGroup = 8EDCD1552339C9190029329D;
			productRefGroup = 8EDCD15F2339C9190029329D /* Products */;
			projectDirPath = "";
			projectRoot = "";
			targets = (
				8EDCD15D2339C9190029329D /* Example-objc */,
				8E92FF792339CA0400BC995C /* Example-swift */,
			);
		};
/* End PBXProject section */

/* Begin PBXResourcesBuildPhase section */
		8E92FF782339CA0400BC995C /* Resources */ = {
			isa = PBXResourcesBuildPhase;
			buildActionMask = 2147483647;
			files = (
				8E6E18722339D041005633C5 /* LaunchScreen.storyboard in Resources */,
				8E6E18742339D041005633C5 /* Assets.xcassets in Resources */,
				8E6E18732339D041005633C5 /* Main.storyboard in Resources */,
			);
			runOnlyForDeploymentPostprocessing = 0;
		};
		8EDCD15C2339C9190029329D /* Resources */ = {
			isa = PBXResourcesBuildPhase;
			buildActionMask = 2147483647;
			files = (
				8E92FF9C2339CA3900BC995C /* LaunchScreen.storyboard in Resources */,
				8E92FF9B2339CA3900BC995C /* Assets.xcassets in Resources */,
				8E92FF9D2339CA3900BC995C /* Main.storyboard in Resources */,
			);
			runOnlyForDeploymentPostprocessing = 0;
		};
/* End PBXResourcesBuildPhase section */

/* Begin PBXShellScriptBuildPhase section */
		12D0503B6DFB685A20A3D974 /* [CP] Check Pods Manifest.lock */ = {
			isa = PBXShellScriptBuildPhase;
			buildActionMask = 2147483647;
			files = (
			);
			inputFileListPaths = (
			);
			inputPaths = (
				"${PODS_PODFILE_DIR_PATH}/Podfile.lock",
				"${PODS_ROOT}/Manifest.lock",
			);
			name = "[CP] Check Pods Manifest.lock";
			outputFileListPaths = (
			);
			outputPaths = (
				"$(DERIVED_FILE_DIR)/Pods-Example-swift-checkManifestLockResult.txt",
			);
			runOnlyForDeploymentPostprocessing = 0;
			shellPath = /bin/sh;
			shellScript = "diff \"${PODS_PODFILE_DIR_PATH}/Podfile.lock\" \"${PODS_ROOT}/Manifest.lock\" > /dev/null\nif [ $? != 0 ] ; then\n    # print error to STDERR\n    echo \"error: The sandbox is not in sync with the Podfile.lock. Run 'pod install' or update your CocoaPods installation.\" >&2\n    exit 1\nfi\n# This output is used by Xcode 'outputs' to avoid re-running this script phase.\necho \"SUCCESS\" > \"${SCRIPT_OUTPUT_FILE_0}\"\n";
			showEnvVarsInLog = 0;
		};
		3EA4E383E39B7E96E083230A /* [CP] Check Pods Manifest.lock */ = {
			isa = PBXShellScriptBuildPhase;
			buildActionMask = 2147483647;
			files = (
			);
			inputFileListPaths = (
			);
			inputPaths = (
				"${PODS_PODFILE_DIR_PATH}/Podfile.lock",
				"${PODS_ROOT}/Manifest.lock",
			);
			name = "[CP] Check Pods Manifest.lock";
			outputFileListPaths = (
			);
			outputPaths = (
				"$(DERIVED_FILE_DIR)/Pods-Example-objc-checkManifestLockResult.txt",
			);
			runOnlyForDeploymentPostprocessing = 0;
			shellPath = /bin/sh;
			shellScript = "diff \"${PODS_PODFILE_DIR_PATH}/Podfile.lock\" \"${PODS_ROOT}/Manifest.lock\" > /dev/null\nif [ $? != 0 ] ; then\n    # print error to STDERR\n    echo \"error: The sandbox is not in sync with the Podfile.lock. Run 'pod install' or update your CocoaPods installation.\" >&2\n    exit 1\nfi\n# This output is used by Xcode 'outputs' to avoid re-running this script phase.\necho \"SUCCESS\" > \"${SCRIPT_OUTPUT_FILE_0}\"\n";
			showEnvVarsInLog = 0;
		};
		D71F761F2B075898A5CE964F /* [CP] Embed Pods Frameworks */ = {
			isa = PBXShellScriptBuildPhase;
			buildActionMask = 2147483647;
			files = (
			);
			inputFileListPaths = (
				"${PODS_ROOT}/Target Support Files/Pods-Example-swift/Pods-Example-swift-frameworks-${CONFIGURATION}-input-files.xcfilelist",
			);
			name = "[CP] Embed Pods Frameworks";
			outputFileListPaths = (
				"${PODS_ROOT}/Target Support Files/Pods-Example-swift/Pods-Example-swift-frameworks-${CONFIGURATION}-output-files.xcfilelist",
			);
			runOnlyForDeploymentPostprocessing = 0;
			shellPath = /bin/sh;
			shellScript = "\"${PODS_ROOT}/Target Support Files/Pods-Example-swift/Pods-Example-swift-frameworks.sh\"\n";
			showEnvVarsInLog = 0;
		};
		E5762A1E8FB8B739BE2A9519 /* [CP] Embed Pods Frameworks */ = {
			isa = PBXShellScriptBuildPhase;
			buildActionMask = 2147483647;
			files = (
			);
			inputFileListPaths = (
				"${PODS_ROOT}/Target Support Files/Pods-Example-objc/Pods-Example-objc-frameworks-${CONFIGURATION}-input-files.xcfilelist",
			);
			name = "[CP] Embed Pods Frameworks";
			outputFileListPaths = (
				"${PODS_ROOT}/Target Support Files/Pods-Example-objc/Pods-Example-objc-frameworks-${CONFIGURATION}-output-files.xcfilelist",
			);
			runOnlyForDeploymentPostprocessing = 0;
			shellPath = /bin/sh;
			shellScript = "\"${PODS_ROOT}/Target Support Files/Pods-Example-objc/Pods-Example-objc-frameworks.sh\"\n";
			showEnvVarsInLog = 0;
		};
/* End PBXShellScriptBuildPhase section */

/* Begin PBXSourcesBuildPhase section */
		8E92FF762339CA0400BC995C /* Sources */ = {
			isa = PBXSourcesBuildPhase;
			buildActionMask = 2147483647;
			files = (
				8E6E18772339D041005633C5 /* AcaiaScaleTableVC.swift in Sources */,
				8E6E18762339D041005633C5 /* AcaiaViewController.swift in Sources */,
				8E6E18712339D041005633C5 /* AppDelegate.swift in Sources */,
			);
			runOnlyForDeploymentPostprocessing = 0;
		};
		8EDCD15A2339C9190029329D /* Sources */ = {
			isa = PBXSourcesBuildPhase;
			buildActionMask = 2147483647;
			files = (
				8E92FF9F2339CA3900BC995C /* AcaiaScaleTableVC.m in Sources */,
				8E92FF9E2339CA3900BC995C /* main.m in Sources */,
				8E92FFA12339CA3900BC995C /* ViewController.m in Sources */,
				8E92FFA02339CA3900BC995C /* AppDelegate.m in Sources */,
			);
			runOnlyForDeploymentPostprocessing = 0;
		};
/* End PBXSourcesBuildPhase section */

/* Begin PBXVariantGroup section */
		8E6E18692339D041005633C5 /* LaunchScreen.storyboard */ = {
			isa = PBXVariantGroup;
			children = (
				8E6E186A2339D041005633C5 /* Base */,
			);
			name = LaunchScreen.storyboard;
			sourceTree = "<group>";
		};
		8E6E186B2339D041005633C5 /* Main.storyboard */ = {
			isa = PBXVariantGroup;
			children = (
				8E6E186C2339D041005633C5 /* Base */,
			);
			name = Main.storyboard;
			sourceTree = "<group>";
		};
		8E92FF912339CA3900BC995C /* LaunchScreen.storyboard */ = {
			isa = PBXVariantGroup;
			children = (
				8E92FF922339CA3900BC995C /* Base */,
			);
			name = LaunchScreen.storyboard;
			sourceTree = "<group>";
		};
		8E92FF932339CA3900BC995C /* Main.storyboard */ = {
			isa = PBXVariantGroup;
			children = (
				8E92FF942339CA3900BC995C /* Base */,
			);
			name = Main.storyboard;
			sourceTree = "<group>";
		};
/* End PBXVariantGroup section */

/* Begin XCBuildConfiguration section */
		8E92FF8A2339CA0500BC995C /* Debug */ = {
			isa = XCBuildConfiguration;
			baseConfigurationReference = 72F49552FC26F32140D98372 /* Pods-Example-swift.debug.xcconfig */;
			buildSettings = {
				ASSETCATALOG_COMPILER_APPICON_NAME = AppIcon;
				CLANG_ENABLE_MODULES = YES;
				CODE_SIGN_STYLE = Automatic;
				DEVELOPMENT_TEAM = QZF5XM7L73;
				FRAMEWORK_SEARCH_PATHS = (
					"$(inherited)",
					"$(PROJECT_DIR)",
				);
				INFOPLIST_FILE = "${PROJECT_DIR}/Example-swift/Example-swift test framework.plist";
				LD_RUNPATH_SEARCH_PATHS = (
					"$(inherited)",
					"@executable_path/Frameworks",
				);
				PRODUCT_BUNDLE_IDENTIFIER = "co.acaia.AcaiaSamples-swift";
				PRODUCT_NAME = "$(TARGET_NAME)";
				SWIFT_OPTIMIZATION_LEVEL = "-Onone";
				SWIFT_VERSION = 5.0;
				TARGETED_DEVICE_FAMILY = "1,2";
			};
			name = Debug;
		};
		8E92FF8B2339CA0500BC995C /* Release */ = {
			isa = XCBuildConfiguration;
			baseConfigurationReference = B82C72C51E18A3BCBF2F3D57 /* Pods-Example-swift.release.xcconfig */;
			buildSettings = {
				ASSETCATALOG_COMPILER_APPICON_NAME = AppIcon;
				CLANG_ENABLE_MODULES = YES;
				CODE_SIGN_STYLE = Automatic;
				DEVELOPMENT_TEAM = QZF5XM7L73;
				FRAMEWORK_SEARCH_PATHS = (
					"$(inherited)",
					"$(PROJECT_DIR)",
				);
				INFOPLIST_FILE = "${PROJECT_DIR}/Example-swift/Example-swift test framework.plist";
				LD_RUNPATH_SEARCH_PATHS = (
					"$(inherited)",
					"@executable_path/Frameworks",
				);
				PRODUCT_BUNDLE_IDENTIFIER = "co.acaia.AcaiaSamples-swift";
				PRODUCT_NAME = "$(TARGET_NAME)";
				SWIFT_VERSION = 5.0;
				TARGETED_DEVICE_FAMILY = "1,2";
			};
			name = Release;
		};
		8EDCD16E2339C91B0029329D /* Debug */ = {
			isa = XCBuildConfiguration;
			buildSettings = {
				ALWAYS_SEARCH_USER_PATHS = NO;
				CLANG_ANALYZER_NONNULL = YES;
				CLANG_ANALYZER_NUMBER_OBJECT_CONVERSION = YES_AGGRESSIVE;
				CLANG_CXX_LANGUAGE_STANDARD = "gnu++14";
				CLANG_CXX_LIBRARY = "libc++";
				CLANG_ENABLE_MODULES = YES;
				CLANG_ENABLE_OBJC_ARC = YES;
				CLANG_ENABLE_OBJC_WEAK = YES;
				CLANG_WARN_BLOCK_CAPTURE_AUTORELEASING = YES;
				CLANG_WARN_BOOL_CONVERSION = YES;
				CLANG_WARN_COMMA = YES;
				CLANG_WARN_CONSTANT_CONVERSION = YES;
				CLANG_WARN_DEPRECATED_OBJC_IMPLEMENTATIONS = YES;
				CLANG_WARN_DIRECT_OBJC_ISA_USAGE = YES_ERROR;
				CLANG_WARN_DOCUMENTATION_COMMENTS = YES;
				CLANG_WARN_EMPTY_BODY = YES;
				CLANG_WARN_ENUM_CONVERSION = YES;
				CLANG_WARN_INFINITE_RECURSION = YES;
				CLANG_WARN_INT_CONVERSION = YES;
				CLANG_WARN_NON_LITERAL_NULL_CONVERSION = YES;
				CLANG_WARN_OBJC_IMPLICIT_RETAIN_SELF = YES;
				CLANG_WARN_OBJC_LITERAL_CONVERSION = YES;
				CLANG_WARN_OBJC_ROOT_CLASS = YES_ERROR;
				CLANG_WARN_RANGE_LOOP_ANALYSIS = YES;
				CLANG_WARN_STRICT_PROTOTYPES = YES;
				CLANG_WARN_SUSPICIOUS_MOVE = YES;
				CLANG_WARN_UNGUARDED_AVAILABILITY = YES_AGGRESSIVE;
				CLANG_WARN_UNREACHABLE_CODE = YES;
				CLANG_WARN__DUPLICATE_METHOD_MATCH = YES;
				CODE_SIGN_IDENTITY = "iPhone Developer";
				COPY_PHASE_STRIP = NO;
				DEBUG_INFORMATION_FORMAT = dwarf;
				ENABLE_STRICT_OBJC_MSGSEND = YES;
				ENABLE_TESTABILITY = YES;
				FRAMEWORK_SEARCH_PATHS = "\"$(PROJECT_DIR)/\"";
				GCC_C_LANGUAGE_STANDARD = gnu11;
				GCC_DYNAMIC_NO_PIC = NO;
				GCC_NO_COMMON_BLOCKS = YES;
				GCC_OPTIMIZATION_LEVEL = 0;
				GCC_PREPROCESSOR_DEFINITIONS = (
					"DEBUG=1",
					"$(inherited)",
				);
				GCC_WARN_64_TO_32_BIT_CONVERSION = YES;
				GCC_WARN_ABOUT_RETURN_TYPE = YES_ERROR;
				GCC_WARN_UNDECLARED_SELECTOR = YES;
				GCC_WARN_UNINITIALIZED_AUTOS = YES_AGGRESSIVE;
				GCC_WARN_UNUSED_FUNCTION = YES;
				GCC_WARN_UNUSED_VARIABLE = YES;
				IPHONEOS_DEPLOYMENT_TARGET = 11.0;
				MTL_ENABLE_DEBUG_INFO = INCLUDE_SOURCE;
				MTL_FAST_MATH = YES;
				ONLY_ACTIVE_ARCH = YES;
				SDKROOT = iphoneos;
				SWIFT_ACTIVE_COMPILATION_CONDITIONS = DEBUG;
				SWIFT_OPTIMIZATION_LEVEL = "-Onone";
			};
			name = Debug;
		};
		8EDCD16F2339C91B0029329D /* Release */ = {
			isa = XCBuildConfiguration;
			buildSettings = {
				ALWAYS_SEARCH_USER_PATHS = NO;
				CLANG_ANALYZER_NONNULL = YES;
				CLANG_ANALYZER_NUMBER_OBJECT_CONVERSION = YES_AGGRESSIVE;
				CLANG_CXX_LANGUAGE_STANDARD = "gnu++14";
				CLANG_CXX_LIBRARY = "libc++";
				CLANG_ENABLE_MODULES = YES;
				CLANG_ENABLE_OBJC_ARC = YES;
				CLANG_ENABLE_OBJC_WEAK = YES;
				CLANG_WARN_BLOCK_CAPTURE_AUTORELEASING = YES;
				CLANG_WARN_BOOL_CONVERSION = YES;
				CLANG_WARN_COMMA = YES;
				CLANG_WARN_CONSTANT_CONVERSION = YES;
				CLANG_WARN_DEPRECATED_OBJC_IMPLEMENTATIONS = YES;
				CLANG_WARN_DIRECT_OBJC_ISA_USAGE = YES_ERROR;
				CLANG_WARN_DOCUMENTATION_COMMENTS = YES;
				CLANG_WARN_EMPTY_BODY = YES;
				CLANG_WARN_ENUM_CONVERSION = YES;
				CLANG_WARN_INFINITE_RECURSION = YES;
				CLANG_WARN_INT_CONVERSION = YES;
				CLANG_WARN_NON_LITERAL_NULL_CONVERSION = YES;
				CLANG_WARN_OBJC_IMPLICIT_RETAIN_SELF = YES;
				CLANG_WARN_OBJC_LITERAL_CONVERSION = YES;
				CLANG_WARN_OBJC_ROOT_CLASS = YES_ERROR;
				CLANG_WARN_RANGE_LOOP_ANALYSIS = YES;
				CLANG_WARN_STRICT_PROTOTYPES = YES;
				CLANG_WARN_SUSPICIOUS_MOVE = YES;
				CLANG_WARN_UNGUARDED_AVAILABILITY = YES_AGGRESSIVE;
				CLANG_WARN_UNREACHABLE_CODE = YES;
				CLANG_WARN__DUPLICATE_METHOD_MATCH = YES;
				CODE_SIGN_IDENTITY = "iPhone Developer";
				COPY_PHASE_STRIP = NO;
				DEBUG_INFORMATION_FORMAT = "dwarf-with-dsym";
				ENABLE_NS_ASSERTIONS = NO;
				ENABLE_STRICT_OBJC_MSGSEND = YES;
				FRAMEWORK_SEARCH_PATHS = "\"$(PROJECT_DIR)/\"";
				GCC_C_LANGUAGE_STANDARD = gnu11;
				GCC_NO_COMMON_BLOCKS = YES;
				GCC_WARN_64_TO_32_BIT_CONVERSION = YES;
				GCC_WARN_ABOUT_RETURN_TYPE = YES_ERROR;
				GCC_WARN_UNDECLARED_SELECTOR = YES;
				GCC_WARN_UNINITIALIZED_AUTOS = YES_AGGRESSIVE;
				GCC_WARN_UNUSED_FUNCTION = YES;
				GCC_WARN_UNUSED_VARIABLE = YES;
				IPHONEOS_DEPLOYMENT_TARGET = 11.0;
				MTL_ENABLE_DEBUG_INFO = NO;
				MTL_FAST_MATH = YES;
				SDKROOT = iphoneos;
				SWIFT_COMPILATION_MODE = wholemodule;
				SWIFT_OPTIMIZATION_LEVEL = "-O";
				VALIDATE_PRODUCT = YES;
			};
			name = Release;
		};
		8EDCD1712339C91B0029329D /* Debug */ = {
			isa = XCBuildConfiguration;
			baseConfigurationReference = 9B25B50789DAFEB3B7D6331B /* Pods-Example-objc.debug.xcconfig */;
			buildSettings = {
				ASSETCATALOG_COMPILER_APPICON_NAME = AppIcon;
				CODE_SIGN_STYLE = Automatic;
				DEVELOPMENT_TEAM = QZF5XM7L73;
				FRAMEWORK_SEARCH_PATHS = (
					"$(inherited)",
					"$(PROJECT_DIR)",
				);
				INFOPLIST_FILE = "${PROJECT_DIR}/Example-objc/info.plist";
				LD_RUNPATH_SEARCH_PATHS = (
					"$(inherited)",
					"@executable_path/Frameworks",
				);
				PRODUCT_BUNDLE_IDENTIFIER = "co.acaia.AcaiaSamples-objc";
				PRODUCT_NAME = "$(TARGET_NAME)";
				SWIFT_VERSION = 5.0;
				TARGETED_DEVICE_FAMILY = "1,2";
			};
			name = Debug;
		};
		8EDCD1722339C91B0029329D /* Release */ = {
			isa = XCBuildConfiguration;
			baseConfigurationReference = 10570914BD38020D2B98E206 /* Pods-Example-objc.release.xcconfig */;
			buildSettings = {
				ASSETCATALOG_COMPILER_APPICON_NAME = AppIcon;
				CODE_SIGN_STYLE = Automatic;
				DEVELOPMENT_TEAM = QZF5XM7L73;
				FRAMEWORK_SEARCH_PATHS = (
					"$(inherited)",
					"$(PROJECT_DIR)",
				);
				INFOPLIST_FILE = "${PROJECT_DIR}/Example-objc/info.plist";
				LD_RUNPATH_SEARCH_PATHS = (
					"$(inherited)",
					"@executable_path/Frameworks",
				);
				PRODUCT_BUNDLE_IDENTIFIER = "co.acaia.AcaiaSamples-objc";
				PRODUCT_NAME = "$(TARGET_NAME)";
				SWIFT_VERSION = 5.0;
				TARGETED_DEVICE_FAMILY = "1,2";
			};
			name = Release;
		};
/* End XCBuildConfiguration section */

/* Begin XCConfigurationList section */
		8E92FF892339CA0500BC995C /* Build configuration list for PBXNativeTarget "Example-swift" */ = {
			isa = XCConfigurationList;
			buildConfigurations = (
				8E92FF8A2339CA0500BC995C /* Debug */,
				8E92FF8B2339CA0500BC995C /* Release */,
			);
			defaultConfigurationIsVisible = 0;
			defaultConfigurationName = Release;
		};
		8EDCD1592339C9190029329D /* Build configuration list for PBXProject "AcaiaExamples" */ = {
			isa = XCConfigurationList;
			buildConfigurations = (
				8EDCD16E2339C91B0029329D /* Debug */,
				8EDCD16F2339C91B0029329D /* Release */,
			);
			defaultConfigurationIsVisible = 0;
			defaultConfigurationName = Release;
		};
		8EDCD1702339C91B0029329D /* Build configuration list for PBXNativeTarget "Example-objc" */ = {
			isa = XCConfigurationList;
			buildConfigurations = (
				8EDCD1712339C91B0029329D /* Debug */,
				8EDCD1722339C91B0029329D /* Release */,
			);
			defaultConfigurationIsVisible = 0;
			defaultConfigurationName = Release;
		};
/* End XCConfigurationList section */
	};
	rootObject = 8EDCD1562339C9190029329D /* Project object */;
}
