// !$*UTF8*$!
{
	archiveVersion = 1;
	classes = {
	};
	objectVersion = 50;
	objects = {

/* Begin PBXBuildFile section */
		23EDB1D104CAD8D8C25D5D0D /* Pods_AcaiaSDKExampleSwift.framework in Frameworks */ = {isa = PBXBuildFile; fileRef = 3420CBC237ADB5CA46DBF331 /* Pods_AcaiaSDKExampleSwift.framework */; };
		6EB3FD0A20EBF69A00B8BFAE /* AppDelegate.swift in Sources */ = {isa = PBXBuildFile; fileRef = 6EB3FD0920EBF69A00B8BFAE /* AppDelegate.swift */; };
		6EB3FD1120EBF69A00B8BFAE /* Main.storyboard in Resources */ = {isa = PBXBuildFile; fileRef = 6EB3FD0F20EBF69A00B8BFAE /* Main.storyboard */; };
		6EB3FD1320EBF69C00B8BFAE /* Assets.xcassets in Resources */ = {isa = PBXBuildFile; fileRef = 6EB3FD1220EBF69C00B8BFAE /* Assets.xcassets */; };
		6EB3FD1620EBF69C00B8BFAE /* LaunchScreen.storyboard in Resources */ = {isa = PBXBuildFile; fileRef = 6EB3FD1420EBF69C00B8BFAE /* LaunchScreen.storyboard */; };
		6EB3FD1E20EBF9BA00B8BFAE /* AcaiaScaleTableVC.swift in Sources */ = {isa = PBXBuildFile; fileRef = 6EB3FD1D20EBF9BA00B8BFAE /* AcaiaScaleTableVC.swift */; };
		6EB3FD2020EBF9D100B8BFAE /* AcaiaViewController.swift in Sources */ = {isa = PBXBuildFile; fileRef = 6EB3FD1F20EBF9D100B8BFAE /* AcaiaViewController.swift */; };
/* End PBXBuildFile section */

/* Begin PBXFileReference section */
		07106BC0C911306261DD58A6 /* Pods-AcaiaSDKExampleSwift.release.xcconfig */ = {isa = PBXFileReference; includeInIndex = 1; lastKnownFileType = text.xcconfig; name = "Pods-AcaiaSDKExampleSwift.release.xcconfig"; path = "Pods/Target Support Files/Pods-AcaiaSDKExampleSwift/Pods-AcaiaSDKExampleSwift.release.xcconfig"; sourceTree = "<group>"; };
		3420CBC237ADB5CA46DBF331 /* Pods_AcaiaSDKExampleSwift.framework */ = {isa = PBXFileReference; explicitFileType = wrapper.framework; includeInIndex = 0; path = Pods_AcaiaSDKExampleSwift.framework; sourceTree = BUILT_PRODUCTS_DIR; };
		6EB3FD0620EBF69A00B8BFAE /* AcaiaSDKExampleSwift.app */ = {isa = PBXFileReference; explicitFileType = wrapper.application; includeInIndex = 0; path = AcaiaSDKExampleSwift.app; sourceTree = BUILT_PRODUCTS_DIR; };
		6EB3FD0920EBF69A00B8BFAE /* AppDelegate.swift */ = {isa = PBXFileReference; lastKnownFileType = sourcecode.swift; path = AppDelegate.swift; sourceTree = "<group>"; };
		6EB3FD1020EBF69A00B8BFAE /* Base */ = {isa = PBXFileReference; lastKnownFileType = file.storyboard; name = Base; path = Base.lproj/Main.storyboard; sourceTree = "<group>"; };
		6EB3FD1220EBF69C00B8BFAE /* Assets.xcassets */ = {isa = PBXFileReference; lastKnownFileType = folder.assetcatalog; path = Assets.xcassets; sourceTree = "<group>"; };
		6EB3FD1520EBF69C00B8BFAE /* Base */ = {isa = PBXFileReference; lastKnownFileType = file.storyboard; name = Base; path = Base.lproj/LaunchScreen.storyboard; sourceTree = "<group>"; };
		6EB3FD1720EBF69C00B8BFAE /* Info.plist */ = {isa = PBXFileReference; lastKnownFileType = text.plist.xml; path = Info.plist; sourceTree = "<group>"; };
		6EB3FD1D20EBF9BA00B8BFAE /* AcaiaScaleTableVC.swift */ = {isa = PBXFileReference; lastKnownFileType = sourcecode.swift; path = AcaiaScaleTableVC.swift; sourceTree = "<group>"; };
		6EB3FD1F20EBF9D100B8BFAE /* AcaiaViewController.swift */ = {isa = PBXFileReference; lastKnownFileType = sourcecode.swift; path = AcaiaViewController.swift; sourceTree = "<group>"; };
		A0DB5743F04BEAE2B36575BF /* Pods-AcaiaSDKExampleSwift.debug.xcconfig */ = {isa = PBXFileReference; includeInIndex = 1; lastKnownFileType = text.xcconfig; name = "Pods-AcaiaSDKExampleSwift.debug.xcconfig"; path = "Pods/Target Support Files/Pods-AcaiaSDKExampleSwift/Pods-AcaiaSDKExampleSwift.debug.xcconfig"; sourceTree = "<group>"; };
/* End PBXFileReference section */

/* Begin PBXFrameworksBuildPhase section */
		6EB3FD0320EBF69A00B8BFAE /* Frameworks */ = {
			isa = PBXFrameworksBuildPhase;
			buildActionMask = 2147483647;
			files = (
				23EDB1D104CAD8D8C25D5D0D /* Pods_AcaiaSDKExampleSwift.framework in Frameworks */,
			);
			runOnlyForDeploymentPostprocessing = 0;
		};
/* End PBXFrameworksBuildPhase section */

/* Begin PBXGroup section */
		6EB3FCFD20EBF69A00B8BFAE = {
			isa = PBXGroup;
			children = (
				6EB3FD0820EBF69A00B8BFAE /* AcaiaSDKExampleSwift */,
				6EB3FD0720EBF69A00B8BFAE /* Products */,
				BD4886DA1EE09BE2149C7150 /* Pods */,
				9AE7636F742D875959F650CD /* Frameworks */,
			);
			sourceTree = "<group>";
		};
		6EB3FD0720EBF69A00B8BFAE /* Products */ = {
			isa = PBXGroup;
			children = (
				6EB3FD0620EBF69A00B8BFAE /* AcaiaSDKExampleSwift.app */,
			);
			name = Products;
			sourceTree = "<group>";
		};
		6EB3FD0820EBF69A00B8BFAE /* AcaiaSDKExampleSwift */ = {
			isa = PBXGroup;
			children = (
				6EB3FD0920EBF69A00B8BFAE /* AppDelegate.swift */,
				6EB3FD0F20EBF69A00B8BFAE /* Main.storyboard */,
				6EB3FD1220EBF69C00B8BFAE /* Assets.xcassets */,
				6EB3FD1420EBF69C00B8BFAE /* LaunchScreen.storyboard */,
				6EB3FD1720EBF69C00B8BFAE /* Info.plist */,
				6EB3FD1D20EBF9BA00B8BFAE /* AcaiaScaleTableVC.swift */,
				6EB3FD1F20EBF9D100B8BFAE /* AcaiaViewController.swift */,
			);
			path = AcaiaSDKExampleSwift;
			sourceTree = "<group>";
		};
		9AE7636F742D875959F650CD /* Frameworks */ = {
			isa = PBXGroup;
			children = (
				3420CBC237ADB5CA46DBF331 /* Pods_AcaiaSDKExampleSwift.framework */,
			);
			name = Frameworks;
			sourceTree = "<group>";
		};
		BD4886DA1EE09BE2149C7150 /* Pods */ = {
			isa = PBXGroup;
			children = (
				A0DB5743F04BEAE2B36575BF /* Pods-AcaiaSDKExampleSwift.debug.xcconfig */,
				07106BC0C911306261DD58A6 /* Pods-AcaiaSDKExampleSwift.release.xcconfig */,
			);
			name = Pods;
			sourceTree = "<group>";
		};
/* End PBXGroup section */

/* Begin PBXNativeTarget section */
		6EB3FD0520EBF69A00B8BFAE /* AcaiaSDKExampleSwift */ = {
			isa = PBXNativeTarget;
			buildConfigurationList = 6EB3FD1A20EBF69C00B8BFAE /* Build configuration list for PBXNativeTarget "AcaiaSDKExampleSwift" */;
			buildPhases = (
				B817AFDB888194E7E6A5F9F0 /* [CP] Check Pods Manifest.lock */,
				6EB3FD0220EBF69A00B8BFAE /* Sources */,
				6EB3FD0320EBF69A00B8BFAE /* Frameworks */,
				6EB3FD0420EBF69A00B8BFAE /* Resources */,
				0A9604DE3F6A37027EEDEB4F /* [CP] Embed Pods Frameworks */,
			);
			buildRules = (
			);
			dependencies = (
			);
			name = AcaiaSDKExampleSwift;
			productName = AcaiaSDKExampleSwift;
			productReference = 6EB3FD0620EBF69A00B8BFAE /* AcaiaSDKExampleSwift.app */;
			productType = "com.apple.product-type.application";
		};
/* End PBXNativeTarget section */

/* Begin PBXProject section */
		6EB3FCFE20EBF69A00B8BFAE /* Project object */ = {
			isa = PBXProject;
			attributes = {
				LastSwiftUpdateCheck = 0940;
				LastUpgradeCheck = 0940;
				ORGANIZATIONNAME = "acaia Corp.";
				TargetAttributes = {
					6EB3FD0520EBF69A00B8BFAE = {
						CreatedOnToolsVersion = 9.4.1;
						LastSwiftMigration = 1000;
					};
				};
			};
			buildConfigurationList = 6EB3FD0120EBF69A00B8BFAE /* Build configuration list for PBXProject "AcaiaSDKExampleSwift" */;
			compatibilityVersion = "Xcode 9.3";
			developmentRegion = en;
			hasScannedForEncodings = 0;
			knownRegions = (
				en,
				Base,
			);
			mainGroup = 6EB3FCFD20EBF69A00B8BFAE;
			productRefGroup = 6EB3FD0720EBF69A00B8BFAE /* Products */;
			projectDirPath = "";
			projectRoot = "";
			targets = (
				6EB3FD0520EBF69A00B8BFAE /* AcaiaSDKExampleSwift */,
			);
		};
/* End PBXProject section */

/* Begin PBXResourcesBuildPhase section */
		6EB3FD0420EBF69A00B8BFAE /* Resources */ = {
			isa = PBXResourcesBuildPhase;
			buildActionMask = 2147483647;
			files = (
				6EB3FD1620EBF69C00B8BFAE /* LaunchScreen.storyboard in Resources */,
				6EB3FD1320EBF69C00B8BFAE /* Assets.xcassets in Resources */,
				6EB3FD1120EBF69A00B8BFAE /* Main.storyboard in Resources */,
			);
			runOnlyForDeploymentPostprocessing = 0;
		};
/* End PBXResourcesBuildPhase section */

/* Begin PBXShellScriptBuildPhase section */
		0A9604DE3F6A37027EEDEB4F /* [CP] Embed Pods Frameworks */ = {
			isa = PBXShellScriptBuildPhase;
			buildActionMask = 2147483647;
			files = (
			);
			inputPaths = (
				"${SRCROOT}/Pods/Target Support Files/Pods-AcaiaSDKExampleSwift/Pods-AcaiaSDKExampleSwift-frameworks.sh",
				"${BUILT_PRODUCTS_DIR}/MBProgressHUD/MBProgressHUD.framework",
			);
			name = "[CP] Embed Pods Frameworks";
			outputPaths = (
				"${TARGET_BUILD_DIR}/${FRAMEWORKS_FOLDER_PATH}/MBProgressHUD.framework",
			);
			runOnlyForDeploymentPostprocessing = 0;
			shellPath = /bin/sh;
			shellScript = "\"${SRCROOT}/Pods/Target Support Files/Pods-AcaiaSDKExampleSwift/Pods-AcaiaSDKExampleSwift-frameworks.sh\"\n";
			showEnvVarsInLog = 0;
		};
		B817AFDB888194E7E6A5F9F0 /* [CP] Check Pods Manifest.lock */ = {
			isa = PBXShellScriptBuildPhase;
			buildActionMask = 2147483647;
			files = (
			);
			inputPaths = (
				"${PODS_PODFILE_DIR_PATH}/Podfile.lock",
				"${PODS_ROOT}/Manifest.lock",
			);
			name = "[CP] Check Pods Manifest.lock";
			outputPaths = (
				"$(DERIVED_FILE_DIR)/Pods-AcaiaSDKExampleSwift-checkManifestLockResult.txt",
			);
			runOnlyForDeploymentPostprocessing = 0;
			shellPath = /bin/sh;
			shellScript = "diff \"${PODS_PODFILE_DIR_PATH}/Podfile.lock\" \"${PODS_ROOT}/Manifest.lock\" > /dev/null\nif [ $? != 0 ] ; then\n    # print error to STDERR\n    echo \"error: The sandbox is not in sync with the Podfile.lock. Run 'pod install' or update your CocoaPods installation.\" >&2\n    exit 1\nfi\n# This output is used by Xcode 'outputs' to avoid re-running this script phase.\necho \"SUCCESS\" > \"${SCRIPT_OUTPUT_FILE_0}\"\n";
			showEnvVarsInLog = 0;
		};
/* End PBXShellScriptBuildPhase section */

/* Begin PBXSourcesBuildPhase section */
		6EB3FD0220EBF69A00B8BFAE /* Sources */ = {
			isa = PBXSourcesBuildPhase;
			buildActionMask = 2147483647;
			files = (
				6EB3FD1E20EBF9BA00B8BFAE /* AcaiaScaleTableVC.swift in Sources */,
				6EB3FD0A20EBF69A00B8BFAE /* AppDelegate.swift in Sources */,
				6EB3FD2020EBF9D100B8BFAE /* AcaiaViewController.swift in Sources */,
			);
			runOnlyForDeploymentPostprocessing = 0;
		};
/* End PBXSourcesBuildPhase section */

/* Begin PBXVariantGroup section */
		6EB3FD0F20EBF69A00B8BFAE /* Main.storyboard */ = {
			isa = PBXVariantGroup;
			children = (
				6EB3FD1020EBF69A00B8BFAE /* Base */,
			);
			name = Main.storyboard;
			sourceTree = "<group>";
		};
		6EB3FD1420EBF69C00B8BFAE /* LaunchScreen.storyboard */ = {
			isa = PBXVariantGroup;
			children = (
				6EB3FD1520EBF69C00B8BFAE /* Base */,
			);
			name = LaunchScreen.storyboard;
			sourceTree = "<group>";
		};
/* End PBXVariantGroup section */

/* Begin XCBuildConfiguration section */
		6EB3FD1820EBF69C00B8BFAE /* Debug */ = {
			isa = XCBuildConfiguration;
			buildSettings = {
				ALWAYS_SEARCH_USER_PATHS = NO;
				CLANG_ANALYZER_NONNULL = YES;
				CLANG_ANALYZER_NUMBER_OBJECT_CONVERSION = YES_AGGRESSIVE;
				CLANG_CXX_LANGUAGE_STANDARD = "gnu++14";
				CLANG_CXX_LIBRARY = "libc++";
				CLANG_ENABLE_MODULES = YES;
				CLANG_ENABLE_OBJC_ARC = YES;
				CLANG_ENABLE_OBJC_WEAK = YES;
				CLANG_WARN_BLOCK_CAPTURE_AUTORELEASING = YES;
				CLANG_WARN_BOOL_CONVERSION = YES;
				CLANG_WARN_COMMA = YES;
				CLANG_WARN_CONSTANT_CONVERSION = YES;
				CLANG_WARN_DEPRECATED_OBJC_IMPLEMENTATIONS = YES;
				CLANG_WARN_DIRECT_OBJC_ISA_USAGE = YES_ERROR;
				CLANG_WARN_DOCUMENTATION_COMMENTS = YES;
				CLANG_WARN_EMPTY_BODY = YES;
				CLANG_WARN_ENUM_CONVERSION = YES;
				CLANG_WARN_INFINITE_RECURSION = YES;
				CLANG_WARN_INT_CONVERSION = YES;
				CLANG_WARN_NON_LITERAL_NULL_CONVERSION = YES;
				CLANG_WARN_OBJC_IMPLICIT_RETAIN_SELF = YES;
				CLANG_WARN_OBJC_LITERAL_CONVERSION = YES;
				CLANG_WARN_OBJC_ROOT_CLASS = YES_ERROR;
				CLANG_WARN_RANGE_LOOP_ANALYSIS = YES;
				CLANG_WARN_STRICT_PROTOTYPES = YES;
				CLANG_WARN_SUSPICIOUS_MOVE = YES;
				CLANG_WARN_UNGUARDED_AVAILABILITY = YES_AGGRESSIVE;
				CLANG_WARN_UNREACHABLE_CODE = YES;
				CLANG_WARN__DUPLICATE_METHOD_MATCH = YES;
				CODE_SIGN_IDENTITY = "iPhone Developer";
				COPY_PHASE_STRIP = NO;
				DEBUG_INFORMATION_FORMAT = dwarf;
				ENABLE_STRICT_OBJC_MSGSEND = YES;
				ENABLE_TESTABILITY = YES;
				GCC_C_LANGUAGE_STANDARD = gnu11;
				GCC_DYNAMIC_NO_PIC = NO;
				GCC_NO_COMMON_BLOCKS = YES;
				GCC_OPTIMIZATION_LEVEL = 0;
				GCC_PREPROCESSOR_DEFINITIONS = (
					"DEBUG=1",
					"$(inherited)",
				);
				GCC_WARN_64_TO_32_BIT_CONVERSION = YES;
				GCC_WARN_ABOUT_RETURN_TYPE = YES_ERROR;
				GCC_WARN_UNDECLARED_SELECTOR = YES;
				GCC_WARN_UNINITIALIZED_AUTOS = YES_AGGRESSIVE;
				GCC_WARN_UNUSED_FUNCTION = YES;
				GCC_WARN_UNUSED_VARIABLE = YES;
				IPHONEOS_DEPLOYMENT_TARGET = 11.4;
				MTL_ENABLE_DEBUG_INFO = YES;
				ONLY_ACTIVE_ARCH = YES;
				SDKROOT = iphoneos;
				SWIFT_ACTIVE_COMPILATION_CONDITIONS = DEBUG;
				SWIFT_OPTIMIZATION_LEVEL = "-Onone";
			};
			name = Debug;
		};
		6EB3FD1920EBF69C00B8BFAE /* Release */ = {
			isa = XCBuildConfiguration;
			buildSettings = {
				ALWAYS_SEARCH_USER_PATHS = NO;
				CLANG_ANALYZER_NONNULL = YES;
				CLANG_ANALYZER_NUMBER_OBJECT_CONVERSION = YES_AGGRESSIVE;
				CLANG_CXX_LANGUAGE_STANDARD = "gnu++14";
				CLANG_CXX_LIBRARY = "libc++";
				CLANG_ENABLE_MODULES = YES;
				CLANG_ENABLE_OBJC_ARC = YES;
				CLANG_ENABLE_OBJC_WEAK = YES;
				CLANG_WARN_BLOCK_CAPTURE_AUTORELEASING = YES;
				CLANG_WARN_BOOL_CONVERSION = YES;
				CLANG_WARN_COMMA = YES;
				CLANG_WARN_CONSTANT_CONVERSION = YES;
				CLANG_WARN_DEPRECATED_OBJC_IMPLEMENTATIONS = YES;
				CLANG_WARN_DIRECT_OBJC_ISA_USAGE = YES_ERROR;
				CLANG_WARN_DOCUMENTATION_COMMENTS = YES;
				CLANG_WARN_EMPTY_BODY = YES;
				CLANG_WARN_ENUM_CONVERSION = YES;
				CLANG_WARN_INFINITE_RECURSION = YES;
				CLANG_WARN_INT_CONVERSION = YES;
				CLANG_WARN_NON_LITERAL_NULL_CONVERSION = YES;
				CLANG_WARN_OBJC_IMPLICIT_RETAIN_SELF = YES;
				CLANG_WARN_OBJC_LITERAL_CONVERSION = YES;
				CLANG_WARN_OBJC_ROOT_CLASS = YES_ERROR;
				CLANG_WARN_RANGE_LOOP_ANALYSIS = YES;
				CLANG_WARN_STRICT_PROTOTYPES = YES;
				CLANG_WARN_SUSPICIOUS_MOVE = YES;
				CLANG_WARN_UNGUARDED_AVAILABILITY = YES_AGGRESSIVE;
				CLANG_WARN_UNREACHABLE_CODE = YES;
				CLANG_WARN__DUPLICATE_METHOD_MATCH = YES;
				CODE_SIGN_IDENTITY = "iPhone Developer";
				COPY_PHASE_STRIP = NO;
				DEBUG_INFORMATION_FORMAT = "dwarf-with-dsym";
				ENABLE_NS_ASSERTIONS = NO;
				ENABLE_STRICT_OBJC_MSGSEND = YES;
				GCC_C_LANGUAGE_STANDARD = gnu11;
				GCC_NO_COMMON_BLOCKS = YES;
				GCC_WARN_64_TO_32_BIT_CONVERSION = YES;
				GCC_WARN_ABOUT_RETURN_TYPE = YES_ERROR;
				GCC_WARN_UNDECLARED_SELECTOR = YES;
				GCC_WARN_UNINITIALIZED_AUTOS = YES_AGGRESSIVE;
				GCC_WARN_UNUSED_FUNCTION = YES;
				GCC_WARN_UNUSED_VARIABLE = YES;
				IPHONEOS_DEPLOYMENT_TARGET = 11.4;
				MTL_ENABLE_DEBUG_INFO = NO;
				SDKROOT = iphoneos;
				SWIFT_COMPILATION_MODE = wholemodule;
				SWIFT_OPTIMIZATION_LEVEL = "-O";
				VALIDATE_PRODUCT = YES;
			};
			name = Release;
		};
		6EB3FD1B20EBF69C00B8BFAE /* Debug */ = {
			isa = XCBuildConfiguration;
			baseConfigurationReference = A0DB5743F04BEAE2B36575BF /* Pods-AcaiaSDKExampleSwift.debug.xcconfig */;
			buildSettings = {
				ASSETCATALOG_COMPILER_APPICON_NAME = AppIcon;
				CODE_SIGN_STYLE = Automatic;
				DEVELOPMENT_TEAM = QZF5XM7L73;
				INFOPLIST_FILE = AcaiaSDKExampleSwift/Info.plist;
				LD_RUNPATH_SEARCH_PATHS = (
					"$(inherited)",
					"@executable_path/Frameworks",
				);
				PRODUCT_BUNDLE_IDENTIFIER = co.acaia.AcaiaSDKExampleSwift;
				PRODUCT_NAME = "$(TARGET_NAME)";
				SWIFT_VERSION = 4.2;
				TARGETED_DEVICE_FAMILY = "1,2";
			};
			name = Debug;
		};
		6EB3FD1C20EBF69C00B8BFAE /* Release */ = {
			isa = XCBuildConfiguration;
			baseConfigurationReference = 07106BC0C911306261DD58A6 /* Pods-AcaiaSDKExampleSwift.release.xcconfig */;
			buildSettings = {
				ASSETCATALOG_COMPILER_APPICON_NAME = AppIcon;
				CODE_SIGN_STYLE = Automatic;
				DEVELOPMENT_TEAM = QZF5XM7L73;
				INFOPLIST_FILE = AcaiaSDKExampleSwift/Info.plist;
				LD_RUNPATH_SEARCH_PATHS = (
					"$(inherited)",
					"@executable_path/Frameworks",
				);
				PRODUCT_BUNDLE_IDENTIFIER = co.acaia.AcaiaSDKExampleSwift;
				PRODUCT_NAME = "$(TARGET_NAME)";
				SWIFT_VERSION = 4.2;
				TARGETED_DEVICE_FAMILY = "1,2";
			};
			name = Release;
		};
/* End XCBuildConfiguration section */

/* Begin XCConfigurationList section */
		6EB3FD0120EBF69A00B8BFAE /* Build configuration list for PBXProject "AcaiaSDKExampleSwift" */ = {
			isa = XCConfigurationList;
			buildConfigurations = (
				6EB3FD1820EBF69C00B8BFAE /* Debug */,
				6EB3FD1920EBF69C00B8BFAE /* Release */,
			);
			defaultConfigurationIsVisible = 0;
			defaultConfigurationName = Release;
		};
		6EB3FD1A20EBF69C00B8BFAE /* Build configuration list for PBXNativeTarget "AcaiaSDKExampleSwift" */ = {
			isa = XCConfigurationList;
			buildConfigurations = (
				6EB3FD1B20EBF69C00B8BFAE /* Debug */,
				6EB3FD1C20EBF69C00B8BFAE /* Release */,
			);
			defaultConfigurationIsVisible = 0;
			defaultConfigurationName = Release;
		};
/* End XCConfigurationList section */
	};
	rootObject = 6EB3FCFE20EBF69A00B8BFAE /* Project object */;
}
